PODS:
  - Alamofire (3.4.1)
  - JRNetwork (0.1.3):
    - Alamofire
    - PromiseKit/CorePromise
  - PromiseKit/CorePromise (3.2.0)

DEPENDENCIES:
  - Alamofire
  - JRNetwork (from `../`)
  - PromiseKit/CorePromise

EXTERNAL SOURCES:
  JRNetwork:
    :path: ../

SPEC CHECKSUMS:
  Alamofire: 01a82e2f6c0f860ade35534c8dd88be61bdef40c
  JRNetwork: 57b03f859e872158fa3b1b8b259b3baf0280dbdb
  PromiseKit: 1db024241265f428137a9f3c00ff9590740c4be6

PODFILE CHECKSUM: c938dfa13c267d9f2b61220ba576fac1a5b04a21

COCOAPODS: 1.0.1
